
Microsoft Visual Studio Solution File, Format Version 12.00
# Visual Studio Version 17
VisualStudioVersion = 17.11.35327.3
MinimumVisualStudioVersion = 10.0.40219.1
Project("{FAE04EC0-301F-11D3-BF4B-00C04F79EFBC}") = "WebApplication2mvc", "WebApplication2mvc.csproj", "{2FB45CAD-09B0-487B-8DBB-07725FEA18FE}"
EndProject
Global
	GlobalSection(SolutionConfigurationPlatforms) = preSolution
		Debug|Any CPU = Debug|Any CPU
		Release|Any CPU = Release|Any CPU
	EndGlobalSection
	GlobalSection(ProjectConfigurationPlatforms) = postSolution
		{2FB45CAD-09B0-487B-8DBB-07725FEA18FE}.Debug|Any CPU.ActiveCfg = Debug|Any CPU
		{2FB45CAD-09B0-487B-8DBB-07725FEA18FE}.Debug|Any CPU.Build.0 = Debug|Any CPU
		{2FB45CAD-09B0-487B-8DBB-07725FEA18FE}.Release|Any CPU.ActiveCfg = Release|Any CPU
		{2FB45CAD-09B0-487B-8DBB-07725FEA18FE}.Release|Any CPU.Build.0 = Release|Any CPU
	EndGlobalSection
	GlobalSection(SolutionProperties) = preSolution
		HideSolutionNode = FALSE
	EndGlobalSection
	GlobalSection(ExtensibilityGlobals) = postSolution
		SolutionGuid = {B603C6EB-2910-48AA-9946-5B1AF3A34C53}
	EndGlobalSection
EndGlobal
