
Microsoft Visual Studio Solution File, Format Version 12.00
# Visual Studio Version 17
VisualStudioVersion = 17.11.35303.130
MinimumVisualStudioVersion = 10.0.40219.1
Project("{FAE04EC0-301F-11D3-BF4B-00C04F79EFBC}") = "WindowsFormsApp1", "WindowsFormsApp1.csproj", "{D607085A-4AF1-4EF0-A876-C32F21346DB3}"
EndProject
Global
	GlobalSection(SolutionConfigurationPlatforms) = preSolution
		Debug|Any CPU = Debug|Any CPU
		Release|Any CPU = Release|Any CPU
	EndGlobalSection
	GlobalSection(ProjectConfigurationPlatforms) = postSolution
		{D607085A-4AF1-4EF0-A876-C32F21346DB3}.Debug|Any CPU.ActiveCfg = Debug|Any CPU
		{D607085A-4AF1-4EF0-A876-C32F21346DB3}.Debug|Any CPU.Build.0 = Debug|Any CPU
		{D607085A-4AF1-4EF0-A876-C32F21346DB3}.Release|Any CPU.ActiveCfg = Release|Any CPU
		{D607085A-4AF1-4EF0-A876-C32F21346DB3}.Release|Any CPU.Build.0 = Release|Any CPU
	EndGlobalSection
	GlobalSection(SolutionProperties) = preSolution
		HideSolutionNode = FALSE
	EndGlobalSection
	GlobalSection(ExtensibilityGlobals) = postSolution
		SolutionGuid = {899BC8AA-FCFE-4218-9F24-2839D38AF645}
	EndGlobalSection
EndGlobal
